{
  "object": {
    "pins": [
      {
        "package": "XLForm",
        "repositoryURL": "https://github.com/xmartlabs/XLForm",
        "state": {
          "branch": null,
          "revision": "870afc56602fd518e33d0b271371a2d5acd410ea",
          "version": "4.3.0"
        }
      }
    ]
  },
  "version": 1
}
