// !$*UTF8*$!
{
	archiveVersion = 1;
	classes = {
	};
	objectVersion = 52;
	objects = {

/* Begin PBXBuildFile section */
		9F371AB8263AA67300FF5835 /* InvestmentCalculator.swift in Sources */ = {isa = PBXBuildFile; fileRef = 9F371AB7263AA67300FF5835 /* InvestmentCalculator.swift */; };
		9F371AE5263AA67300FF5835 /* InvestmentCosts.swift in Sources */ = {isa = PBXBuildFile; fileRef = 9F371AE4263AA67300FF5835 /* InvestmentCosts.swift */; };
		9F371AE7263AA67300FF5835 /* InvestmentIndicators.swift in Sources */ = {isa = PBXBuildFile; fileRef = 9F371AE6263AA67300FF5835 /* InvestmentIndicators.swift */; };
		9F371AE9263AA67300FF5835 /* InvestmentYieldResult.swift in Sources */ = {isa = PBXBuildFile; fileRef = 9F371AE8263AA67300FF5835 /* InvestmentYieldResult.swift */; };
		9F371AEB263AA67300FF5835 /* RentalConfiguration.swift in Sources */ = {isa = PBXBuildFile; fileRef = 9F371AEA263AA67300FF5835 /* RentalConfiguration.swift */; };
		9F371AED263AA67300FF5835 /* InvestmentEconomicIndicators.swift in Sources */ = {isa = PBXBuildFile; fileRef = 9F371AEC263AA67300FF5835 /* InvestmentEconomicIndicators.swift */; };
		9F371AEF263AA67300FF5835 /* InvestmentEconomicResult.swift in Sources */ = {isa = PBXBuildFile; fileRef = 9F371AEE263AA67300FF5835 /* InvestmentEconomicResult.swift */; };
		9F371AC1263AA67300FF5835 /* InvestmentProjectDraft.swift in Sources */ = {isa = PBXBuildFile; fileRef = 9F371ABA263AA67300FF5835 /* InvestmentProjectDraft.swift */; };
		9F371AC2263AA67300FF5835 /* InvestmentProjectSnapshot.swift in Sources */ = {isa = PBXBuildFile; fileRef = 9F371ABB263AA67300FF5835 /* InvestmentProjectSnapshot.swift */; };
		9F371AC3263AA67300FF5835 /* ProjectFormViewModel.swift in Sources */ = {isa = PBXBuildFile; fileRef = 9F371ABC263AA67300FF5835 /* ProjectFormViewModel.swift */; };
		9F371AC4263AA67300FF5835 /* ProjectFormView.swift in Sources */ = {isa = PBXBuildFile; fileRef = 9F371ABD263AA67300FF5835 /* ProjectFormView.swift */; };
		9F371AC5263AA67300FF5835 /* ProjectRepository.swift in Sources */ = {isa = PBXBuildFile; fileRef = 9F371ABE263AA67300FF5835 /* ProjectRepository.swift */; };
		9F371AE1263AA67300FF5835 /* ProjectStore.swift in Sources */ = {isa = PBXBuildFile; fileRef = 9F371ADE263AA67300FF5835 /* ProjectStore.swift */; };
		9F371AE2263AA67300FF5835 /* ProjectListView.swift in Sources */ = {isa = PBXBuildFile; fileRef = 9F371ADF263AA67300FF5835 /* ProjectListView.swift */; };
		9F371AE3263AA67300FF5835 /* ProjectDetailView.swift in Sources */ = {isa = PBXBuildFile; fileRef = 9F371AE0263AA67300FF5835 /* ProjectDetailView.swift */; };
		9F371AD4263AA67300FF5835 /* EvalImmoApp.swift in Sources */ = {isa = PBXBuildFile; fileRef = 9F371AD2263AA67300FF5835 /* EvalImmoApp.swift */; };
		9F371AD5263AA67300FF5835 /* RootView.swift in Sources */ = {isa = PBXBuildFile; fileRef = 9F371AD3263AA67300FF5835 /* RootView.swift */; };
		9F371AD8263AA67300FF5835 /* AppState.swift in Sources */ = {isa = PBXBuildFile; fileRef = 9F371AD7263AA67300FF5835 /* AppState.swift */; };
		9F4CADD626091456006BCF52 /* Assets.xcassets in Resources */ = {isa = PBXBuildFile; fileRef = 9F4CADD526091456006BCF52 /* Assets.xcassets */; };
		9F4CADD926091456006BCF52 /* LaunchScreen.storyboard in Resources */ = {isa = PBXBuildFile; fileRef = 9F4CADD726091456006BCF52 /* LaunchScreen.storyboard */; };
		9F4CADE426091456006BCF52 /* EvalImmoTests.swift in Sources */ = {isa = PBXBuildFile; fileRef = 9F4CADE326091456006BCF52 /* EvalImmoTests.swift */; };
		9F4CADEF26091456006BCF52 /* EvalImmoUITests.swift in Sources */ = {isa = PBXBuildFile; fileRef = 9F4CADEE26091456006BCF52 /* EvalImmoUITests.swift */; };
/* End PBXBuildFile section */

/* Begin PBXContainerItemProxy section */
		9F4CADE026091456006BCF52 /* PBXContainerItemProxy */ = {
			isa = PBXContainerItemProxy;
			containerPortal = 9F4CADC126091454006BCF52 /* Project object */;
			proxyType = 1;
			remoteGlobalIDString = 9F4CADC826091454006BCF52;
			remoteInfo = EvalImmo;
		};
		9F4CADEB26091456006BCF52 /* PBXContainerItemProxy */ = {
			isa = PBXContainerItemProxy;
			containerPortal = 9F4CADC126091454006BCF52 /* Project object */;
			proxyType = 1;
			remoteGlobalIDString = 9F4CADC826091454006BCF52;
			remoteInfo = EvalImmo;
		};
/* End PBXContainerItemProxy section */

/* Begin PBXFileReference section */
		9F371AB7263AA67300FF5835 /* InvestmentCalculator.swift */ = {isa = PBXFileReference; lastKnownFileType = sourcecode.swift; path = InvestmentCalculator.swift; sourceTree = "<group>"; };
		9F371AE4263AA67300FF5835 /* InvestmentCosts.swift */ = {isa = PBXFileReference; lastKnownFileType = sourcecode.swift; path = InvestmentCosts.swift; sourceTree = "<group>"; };
		9F371AE6263AA67300FF5835 /* InvestmentIndicators.swift */ = {isa = PBXFileReference; lastKnownFileType = sourcecode.swift; path = InvestmentIndicators.swift; sourceTree = "<group>"; };
		9F371AE8263AA67300FF5835 /* InvestmentYieldResult.swift */ = {isa = PBXFileReference; lastKnownFileType = sourcecode.swift; path = InvestmentYieldResult.swift; sourceTree = "<group>"; };
		9F371AEA263AA67300FF5835 /* RentalConfiguration.swift */ = {isa = PBXFileReference; lastKnownFileType = sourcecode.swift; path = RentalConfiguration.swift; sourceTree = "<group>"; };
		9F371AEC263AA67300FF5835 /* InvestmentEconomicIndicators.swift */ = {isa = PBXFileReference; lastKnownFileType = sourcecode.swift; path = InvestmentEconomicIndicators.swift; sourceTree = "<group>"; };
		9F371AEE263AA67300FF5835 /* InvestmentEconomicResult.swift */ = {isa = PBXFileReference; lastKnownFileType = sourcecode.swift; path = InvestmentEconomicResult.swift; sourceTree = "<group>"; };
		9F371ABA263AA67300FF5835 /* InvestmentProjectDraft.swift */ = {isa = PBXFileReference; lastKnownFileType = sourcecode.swift; path = InvestmentProjectDraft.swift; sourceTree = "<group>"; };
		9F371ABB263AA67300FF5835 /* InvestmentProjectSnapshot.swift */ = {isa = PBXFileReference; lastKnownFileType = sourcecode.swift; path = InvestmentProjectSnapshot.swift; sourceTree = "<group>"; };
		9F371ABC263AA67300FF5835 /* ProjectFormViewModel.swift */ = {isa = PBXFileReference; lastKnownFileType = sourcecode.swift; path = ProjectFormViewModel.swift; sourceTree = "<group>"; };
		9F371ABD263AA67300FF5835 /* ProjectFormView.swift */ = {isa = PBXFileReference; lastKnownFileType = sourcecode.swift; path = ProjectFormView.swift; sourceTree = "<group>"; };
		9F371ABE263AA67300FF5835 /* ProjectRepository.swift */ = {isa = PBXFileReference; lastKnownFileType = sourcecode.swift; path = ProjectRepository.swift; sourceTree = "<group>"; };
		9F371ADE263AA67300FF5835 /* ProjectStore.swift */ = {isa = PBXFileReference; lastKnownFileType = sourcecode.swift; path = ProjectStore.swift; sourceTree = "<group>"; };
		9F371ADF263AA67300FF5835 /* ProjectListView.swift */ = {isa = PBXFileReference; lastKnownFileType = sourcecode.swift; path = ProjectListView.swift; sourceTree = "<group>"; };
		9F371AE0263AA67300FF5835 /* ProjectDetailView.swift */ = {isa = PBXFileReference; lastKnownFileType = sourcecode.swift; path = ProjectDetailView.swift; sourceTree = "<group>"; };
		9F371AD2263AA67300FF5835 /* EvalImmoApp.swift */ = {isa = PBXFileReference; lastKnownFileType = sourcecode.swift; path = EvalImmoApp.swift; sourceTree = "<group>"; };
		9F371AD3263AA67300FF5835 /* RootView.swift */ = {isa = PBXFileReference; lastKnownFileType = sourcecode.swift; path = RootView.swift; sourceTree = "<group>"; };
		9F371AD7263AA67300FF5835 /* AppState.swift */ = {isa = PBXFileReference; lastKnownFileType = sourcecode.swift; path = AppState.swift; sourceTree = "<group>"; };
		9F4CADC926091455006BCF52 /* EvalImmo.app */ = {isa = PBXFileReference; explicitFileType = wrapper.application; includeInIndex = 0; path = EvalImmo.app; sourceTree = BUILT_PRODUCTS_DIR; };
		9F4CADD526091456006BCF52 /* Assets.xcassets */ = {isa = PBXFileReference; lastKnownFileType = folder.assetcatalog; path = Assets.xcassets; sourceTree = "<group>"; };
		9F4CADD826091456006BCF52 /* Base */ = {isa = PBXFileReference; lastKnownFileType = file.storyboard; name = Base; path = Base.lproj/LaunchScreen.storyboard; sourceTree = "<group>"; };
		9F4CADDA26091456006BCF52 /* Info.plist */ = {isa = PBXFileReference; lastKnownFileType = text.plist.xml; path = Info.plist; sourceTree = "<group>"; };
		9F4CADDF26091456006BCF52 /* EvalImmoTests.xctest */ = {isa = PBXFileReference; explicitFileType = wrapper.cfbundle; includeInIndex = 0; path = EvalImmoTests.xctest; sourceTree = BUILT_PRODUCTS_DIR; };
		9F4CADE326091456006BCF52 /* EvalImmoTests.swift */ = {isa = PBXFileReference; lastKnownFileType = sourcecode.swift; path = EvalImmoTests.swift; sourceTree = "<group>"; };
		9F4CADE526091456006BCF52 /* Info.plist */ = {isa = PBXFileReference; lastKnownFileType = text.plist.xml; path = Info.plist; sourceTree = "<group>"; };
		9F4CADEA26091456006BCF52 /* EvalImmoUITests.xctest */ = {isa = PBXFileReference; explicitFileType = wrapper.cfbundle; includeInIndex = 0; path = EvalImmoUITests.xctest; sourceTree = BUILT_PRODUCTS_DIR; };
		9F4CADEE26091456006BCF52 /* EvalImmoUITests.swift */ = {isa = PBXFileReference; lastKnownFileType = sourcecode.swift; path = EvalImmoUITests.swift; sourceTree = "<group>"; };
		9F4CADF026091456006BCF52 /* Info.plist */ = {isa = PBXFileReference; lastKnownFileType = text.plist.xml; path = Info.plist; sourceTree = "<group>"; };
/* End PBXFileReference section */

/* Begin PBXFrameworksBuildPhase section */
		9F4CADC626091454006BCF52 /* Frameworks */ = {
			isa = PBXFrameworksBuildPhase;
			buildActionMask = 2147483647;
			files = (
			);
			runOnlyForDeploymentPostprocessing = 0;
		};
		9F4CADDC26091456006BCF52 /* Frameworks */ = {
			isa = PBXFrameworksBuildPhase;
			buildActionMask = 2147483647;
			files = (
			);
			runOnlyForDeploymentPostprocessing = 0;
		};
		9F4CADE726091456006BCF52 /* Frameworks */ = {
			isa = PBXFrameworksBuildPhase;
			buildActionMask = 2147483647;
			files = (
			);
			runOnlyForDeploymentPostprocessing = 0;
		};
/* End PBXFrameworksBuildPhase section */

/* Begin PBXGroup section */
		9F4CADC026091454006BCF52 = {
			isa = PBXGroup;
			children = (
				9F4CADCB26091455006BCF52 /* EvalImmo */,
				9F4CADE226091456006BCF52 /* EvalImmoTests */,
				9F4CADED26091456006BCF52 /* EvalImmoUITests */,
				9F4CADCA26091455006BCF52 /* Products */,
			);
			sourceTree = "<group>";
		};
		9F4CADCA26091455006BCF52 /* Products */ = {
			isa = PBXGroup;
			children = (
				9F4CADC926091455006BCF52 /* EvalImmo.app */,
				9F4CADDF26091456006BCF52 /* EvalImmoTests.xctest */,
				9F4CADEA26091456006BCF52 /* EvalImmoUITests.xctest */,
			);
			name = Products;
			sourceTree = "<group>";
		};
		9F4CADCB26091455006BCF52 /* EvalImmo */ = {
			isa = PBXGroup;
			children = (
				9F371AD6263AA67300FF5835 /* App */,
				9F371AB9263AA67300FF5835 /* Core */,
				9F371AC8263AA67300FF5835 /* Models */,
				9F371AC9263AA67300FF5835 /* ViewModels */,
				9F371ACA263AA67300FF5835 /* Views */,
				9F371AD0263AA67300FF5835 /* Services */,
				9F4CADD526091456006BCF52 /* Assets.xcassets */,
				9F4CADD726091456006BCF52 /* LaunchScreen.storyboard */,
				9F4CADDA26091456006BCF52 /* Info.plist */,
			);
			path = EvalImmo;
			sourceTree = "<group>";
		};
		9F4CADE226091456006BCF52 /* EvalImmoTests */ = {
			isa = PBXGroup;
			children = (
				9F4CADE326091456006BCF52 /* EvalImmoTests.swift */,
				9F4CADE526091456006BCF52 /* Info.plist */,
			);
			path = EvalImmoTests;
			sourceTree = "<group>";
		};
		9F371AB9263AA67300FF5835 /* Core */ = {
			isa = PBXGroup;
			children = (
				9F371AB7263AA67300FF5835 /* InvestmentCalculator.swift */,
				9F371AE4263AA67300FF5835 /* InvestmentCosts.swift */,
				9F371AEC263AA67300FF5835 /* InvestmentEconomicIndicators.swift */,
				9F371AEE263AA67300FF5835 /* InvestmentEconomicResult.swift */,
				9F371AE6263AA67300FF5835 /* InvestmentIndicators.swift */,
				9F371AE8263AA67300FF5835 /* InvestmentYieldResult.swift */,
			);
			path = Core;
			sourceTree = "<group>";
		};
		9F371AC8263AA67300FF5835 /* Models */ = {
			isa = PBXGroup;
			children = (
				9F371ABA263AA67300FF5835 /* InvestmentProjectDraft.swift */,
				9F371ABB263AA67300FF5835 /* InvestmentProjectSnapshot.swift */,
				9F371AEA263AA67300FF5835 /* RentalConfiguration.swift */,
			);
			path = Models;
			sourceTree = "<group>";
		};
		9F371AC9263AA67300FF5835 /* ViewModels */ = {
			isa = PBXGroup;
			children = (
				9F371ABC263AA67300FF5835 /* ProjectFormViewModel.swift */,
				9F371ADE263AA67300FF5835 /* ProjectStore.swift */,
			);
			path = ViewModels;
			sourceTree = "<group>";
		};
		9F371ACA263AA67300FF5835 /* Views */ = {
			isa = PBXGroup;
			children = (
				9F371AE0263AA67300FF5835 /* ProjectDetailView.swift */,
				9F371ABD263AA67300FF5835 /* ProjectFormView.swift */,
				9F371ADF263AA67300FF5835 /* ProjectListView.swift */,
			);
			path = Views;
			sourceTree = "<group>";
		};
		9F371AD0263AA67300FF5835 /* Services */ = {
			isa = PBXGroup;
			children = (
				9F371AD1263AA67300FF5835 /* Projects */,
			);
			path = Services;
			sourceTree = "<group>";
		};
		9F371AD1263AA67300FF5835 /* Projects */ = {
			isa = PBXGroup;
			children = (
				9F371ABE263AA67300FF5835 /* ProjectRepository.swift */,
			);
			path = Projects;
			sourceTree = "<group>";
		};
		9F371AD6263AA67300FF5835 /* App */ = {
			isa = PBXGroup;
			children = (
				9F371AD7263AA67300FF5835 /* AppState.swift */,
				9F371AD2263AA67300FF5835 /* EvalImmoApp.swift */,
				9F371AD3263AA67300FF5835 /* RootView.swift */,
			);
			path = App;
			sourceTree = "<group>";
		};
		9F4CADED26091456006BCF52 /* EvalImmoUITests */ = {
			isa = PBXGroup;
			children = (
				9F4CADEE26091456006BCF52 /* EvalImmoUITests.swift */,
				9F4CADF026091456006BCF52 /* Info.plist */,
			);
			path = EvalImmoUITests;
			sourceTree = "<group>";
		};
/* End PBXGroup section */

/* Begin PBXNativeTarget section */
		9F4CADC826091454006BCF52 /* EvalImmo */ = {
			isa = PBXNativeTarget;
			buildConfigurationList = 9F4CADF326091456006BCF52 /* Build configuration list for PBXNativeTarget "EvalImmo" */;
			buildPhases = (
				9F4CADC526091454006BCF52 /* Sources */,
				9F4CADC626091454006BCF52 /* Frameworks */,
				9F4CADC726091454006BCF52 /* Resources */,
			);
			buildRules = (
			);
			dependencies = (
			);
			name = EvalImmo;
			productName = EvalImmo;
			productReference = 9F4CADC926091455006BCF52 /* EvalImmo.app */;
			productType = "com.apple.product-type.application";
		};
		9F4CADDE26091456006BCF52 /* EvalImmoTests */ = {
			isa = PBXNativeTarget;
			buildConfigurationList = 9F4CADF626091456006BCF52 /* Build configuration list for PBXNativeTarget "EvalImmoTests" */;
			buildPhases = (
				9F4CADDB26091456006BCF52 /* Sources */,
				9F4CADDC26091456006BCF52 /* Frameworks */,
				9F4CADDD26091456006BCF52 /* Resources */,
			);
			buildRules = (
			);
			dependencies = (
				9F4CADE126091456006BCF52 /* PBXTargetDependency */,
			);
			name = EvalImmoTests;
			productName = EvalImmoTests;
			productReference = 9F4CADDF26091456006BCF52 /* EvalImmoTests.xctest */;
			productType = "com.apple.product-type.bundle.unit-test";
		};
		9F4CADE926091456006BCF52 /* EvalImmoUITests */ = {
			isa = PBXNativeTarget;
			buildConfigurationList = 9F4CADF926091456006BCF52 /* Build configuration list for PBXNativeTarget "EvalImmoUITests" */;
			buildPhases = (
				9F4CADE626091456006BCF52 /* Sources */,
				9F4CADE726091456006BCF52 /* Frameworks */,
				9F4CADE826091456006BCF52 /* Resources */,
			);
			buildRules = (
			);
			dependencies = (
				9F4CADEC26091456006BCF52 /* PBXTargetDependency */,
			);
			name = EvalImmoUITests;
			productName = EvalImmoUITests;
			productReference = 9F4CADEA26091456006BCF52 /* EvalImmoUITests.xctest */;
			productType = "com.apple.product-type.bundle.ui-testing";
		};
/* End PBXNativeTarget section */

/* Begin PBXProject section */
		9F4CADC126091454006BCF52 /* Project object */ = {
			isa = PBXProject;
			attributes = {
				LastSwiftUpdateCheck = 1230;
				LastUpgradeCheck = 1230;
				TargetAttributes = {
					9F4CADC826091454006BCF52 = {
						CreatedOnToolsVersion = 12.3;
					};
					9F4CADDE26091456006BCF52 = {
						CreatedOnToolsVersion = 12.3;
						TestTargetID = 9F4CADC826091454006BCF52;
					};
					9F4CADE926091456006BCF52 = {
						CreatedOnToolsVersion = 12.3;
						TestTargetID = 9F4CADC826091454006BCF52;
					};
				};
			};
			buildConfigurationList = 9F4CADC426091454006BCF52 /* Build configuration list for PBXProject "EvalImmo" */;
			compatibilityVersion = "Xcode 9.3";
			developmentRegion = en;
			hasScannedForEncodings = 0;
			knownRegions = (
				en,
				Base,
			);
			mainGroup = 9F4CADC026091454006BCF52;
			productRefGroup = 9F4CADCA26091455006BCF52 /* Products */;
			projectDirPath = "";
			projectRoot = "";
			targets = (
				9F4CADC826091454006BCF52 /* EvalImmo */,
				9F4CADDE26091456006BCF52 /* EvalImmoTests */,
				9F4CADE926091456006BCF52 /* EvalImmoUITests */,
			);
		};
/* End PBXProject section */

/* Begin PBXResourcesBuildPhase section */
		9F4CADC726091454006BCF52 /* Resources */ = {
			isa = PBXResourcesBuildPhase;
			buildActionMask = 2147483647;
			files = (
				9F4CADD926091456006BCF52 /* LaunchScreen.storyboard in Resources */,
				9F4CADD626091456006BCF52 /* Assets.xcassets in Resources */,
			);
			runOnlyForDeploymentPostprocessing = 0;
		};
		9F4CADDD26091456006BCF52 /* Resources */ = {
			isa = PBXResourcesBuildPhase;
			buildActionMask = 2147483647;
			files = (
			);
			runOnlyForDeploymentPostprocessing = 0;
		};
		9F4CADE826091456006BCF52 /* Resources */ = {
			isa = PBXResourcesBuildPhase;
			buildActionMask = 2147483647;
			files = (
			);
			runOnlyForDeploymentPostprocessing = 0;
		};
/* End PBXResourcesBuildPhase section */

/* Begin PBXSourcesBuildPhase section */
		9F4CADC526091454006BCF52 /* Sources */ = {
			isa = PBXSourcesBuildPhase;
			buildActionMask = 2147483647;
			files = (
				9F371AC5263AA67300FF5835 /* ProjectRepository.swift in Sources */,
				9F371AD4263AA67300FF5835 /* EvalImmoApp.swift in Sources */,
				9F371AD8263AA67300FF5835 /* AppState.swift in Sources */,
				9F371AB8263AA67300FF5835 /* InvestmentCalculator.swift in Sources */,
				9F371AE5263AA67300FF5835 /* InvestmentCosts.swift in Sources */,
				9F371AC1263AA67300FF5835 /* InvestmentProjectDraft.swift in Sources */,
				9F371AC4263AA67300FF5835 /* ProjectFormView.swift in Sources */,
				9F371AE3263AA67300FF5835 /* ProjectDetailView.swift in Sources */,
				9F371AC3263AA67300FF5835 /* ProjectFormViewModel.swift in Sources */,
				9F371AE7263AA67300FF5835 /* InvestmentIndicators.swift in Sources */,
				9F371AE1263AA67300FF5835 /* ProjectStore.swift in Sources */,
				9F371AD5263AA67300FF5835 /* RootView.swift in Sources */,
				9F371AE2263AA67300FF5835 /* ProjectListView.swift in Sources */,
				9F371AED263AA67300FF5835 /* InvestmentEconomicIndicators.swift in Sources */,
				9F371AE9263AA67300FF5835 /* InvestmentYieldResult.swift in Sources */,
				9F371AEB263AA67300FF5835 /* RentalConfiguration.swift in Sources */,
				9F371AEF263AA67300FF5835 /* InvestmentEconomicResult.swift in Sources */,
				9F371AC2263AA67300FF5835 /* InvestmentProjectSnapshot.swift in Sources */,
			);
			runOnlyForDeploymentPostprocessing = 0;
		};
		9F4CADDB26091456006BCF52 /* Sources */ = {
			isa = PBXSourcesBuildPhase;
			buildActionMask = 2147483647;
			files = (
				9F4CADE426091456006BCF52 /* EvalImmoTests.swift in Sources */,
			);
			runOnlyForDeploymentPostprocessing = 0;
		};
		9F4CADE626091456006BCF52 /* Sources */ = {
			isa = PBXSourcesBuildPhase;
			buildActionMask = 2147483647;
			files = (
				9F4CADEF26091456006BCF52 /* EvalImmoUITests.swift in Sources */,
			);
			runOnlyForDeploymentPostprocessing = 0;
		};
/* End PBXSourcesBuildPhase section */

/* Begin PBXTargetDependency section */
		9F4CADE126091456006BCF52 /* PBXTargetDependency */ = {
			isa = PBXTargetDependency;
			target = 9F4CADC826091454006BCF52 /* EvalImmo */;
			targetProxy = 9F4CADE026091456006BCF52 /* PBXContainerItemProxy */;
		};
		9F4CADEC26091456006BCF52 /* PBXTargetDependency */ = {
			isa = PBXTargetDependency;
			target = 9F4CADC826091454006BCF52 /* EvalImmo */;
			targetProxy = 9F4CADEB26091456006BCF52 /* PBXContainerItemProxy */;
		};
/* End PBXTargetDependency section */

/* Begin PBXVariantGroup section */
		9F4CADD726091456006BCF52 /* LaunchScreen.storyboard */ = {
			isa = PBXVariantGroup;
			children = (
				9F4CADD826091456006BCF52 /* Base */,
			);
			name = LaunchScreen.storyboard;
			sourceTree = "<group>";
		};
/* End PBXVariantGroup section */

/* Begin XCBuildConfiguration section */
		9F4CADF126091456006BCF52 /* Debug */ = {
			isa = XCBuildConfiguration;
			buildSettings = {
				ALWAYS_SEARCH_USER_PATHS = NO;
				CLANG_ANALYZER_NONNULL = YES;
				CLANG_ANALYZER_NUMBER_OBJECT_CONVERSION = YES_AGGRESSIVE;
				CLANG_CXX_LANGUAGE_STANDARD = "gnu++14";
				CLANG_CXX_LIBRARY = "libc++";
				CLANG_ENABLE_MODULES = YES;
				CLANG_ENABLE_OBJC_ARC = YES;
				CLANG_ENABLE_OBJC_WEAK = YES;
				CLANG_WARN_BLOCK_CAPTURE_AUTORELEASING = YES;
				CLANG_WARN_BOOL_CONVERSION = YES;
				CLANG_WARN_COMMA = YES;
				CLANG_WARN_CONSTANT_CONVERSION = YES;
				CLANG_WARN_DEPRECATED_OBJC_IMPLEMENTATIONS = YES;
				CLANG_WARN_DIRECT_OBJC_ISA_USAGE = YES_ERROR;
				CLANG_WARN_DOCUMENTATION_COMMENTS = YES;
				CLANG_WARN_EMPTY_BODY = YES;
				CLANG_WARN_ENUM_CONVERSION = YES;
				CLANG_WARN_INFINITE_RECURSION = YES;
				CLANG_WARN_INT_CONVERSION = YES;
				CLANG_WARN_NON_LITERAL_NULL_CONVERSION = YES;
				CLANG_WARN_OBJC_IMPLICIT_RETAIN_SELF = YES;
				CLANG_WARN_OBJC_LITERAL_CONVERSION = YES;
				CLANG_WARN_OBJC_ROOT_CLASS = YES_ERROR;
				CLANG_WARN_QUOTED_INCLUDE_IN_FRAMEWORK_HEADER = YES;
				CLANG_WARN_RANGE_LOOP_ANALYSIS = YES;
				CLANG_WARN_STRICT_PROTOTYPES = YES;
				CLANG_WARN_SUSPICIOUS_MOVE = YES;
				CLANG_WARN_UNGUARDED_AVAILABILITY = YES_AGGRESSIVE;
				CLANG_WARN_UNREACHABLE_CODE = YES;
				CLANG_WARN__DUPLICATE_METHOD_MATCH = YES;
				COPY_PHASE_STRIP = NO;
				DEBUG_INFORMATION_FORMAT = dwarf;
				ENABLE_STRICT_OBJC_MSGSEND = YES;
				ENABLE_TESTABILITY = YES;
				GCC_C_LANGUAGE_STANDARD = gnu11;
				GCC_DYNAMIC_NO_PIC = NO;
				GCC_NO_COMMON_BLOCKS = YES;
				GCC_OPTIMIZATION_LEVEL = 0;
				GCC_PREPROCESSOR_DEFINITIONS = (
					"DEBUG=1",
					"$(inherited)",
				);
				GCC_WARN_64_TO_32_BIT_CONVERSION = YES;
				GCC_WARN_ABOUT_RETURN_TYPE = YES_ERROR;
				GCC_WARN_UNDECLARED_SELECTOR = YES;
				GCC_WARN_UNINITIALIZED_AUTOS = YES_AGGRESSIVE;
				GCC_WARN_UNUSED_FUNCTION = YES;
				GCC_WARN_UNUSED_VARIABLE = YES;
				IPHONEOS_DEPLOYMENT_TARGET = 17.0;
				MTL_ENABLE_DEBUG_INFO = INCLUDE_SOURCE;
				MTL_FAST_MATH = YES;
				ONLY_ACTIVE_ARCH = YES;
				SDKROOT = iphoneos;
				SWIFT_ACTIVE_COMPILATION_CONDITIONS = DEBUG;
				SWIFT_OPTIMIZATION_LEVEL = "-Onone";
				SWIFT_VERSION = 5.0;
			};
			name = Debug;
		};
		9F4CADF226091456006BCF52 /* Release */ = {
			isa = XCBuildConfiguration;
			buildSettings = {
				ALWAYS_SEARCH_USER_PATHS = NO;
				CLANG_ANALYZER_NONNULL = YES;
				CLANG_ANALYZER_NUMBER_OBJECT_CONVERSION = YES_AGGRESSIVE;
				CLANG_CXX_LANGUAGE_STANDARD = "gnu++14";
				CLANG_CXX_LIBRARY = "libc++";
				CLANG_ENABLE_MODULES = YES;
				CLANG_ENABLE_OBJC_ARC = YES;
				CLANG_ENABLE_OBJC_WEAK = YES;
				CLANG_WARN_BLOCK_CAPTURE_AUTORELEASING = YES;
				CLANG_WARN_BOOL_CONVERSION = YES;
				CLANG_WARN_COMMA = YES;
				CLANG_WARN_CONSTANT_CONVERSION = YES;
				CLANG_WARN_DEPRECATED_OBJC_IMPLEMENTATIONS = YES;
				CLANG_WARN_DIRECT_OBJC_ISA_USAGE = YES_ERROR;
				CLANG_WARN_DOCUMENTATION_COMMENTS = YES;
				CLANG_WARN_EMPTY_BODY = YES;
				CLANG_WARN_ENUM_CONVERSION = YES;
				CLANG_WARN_INFINITE_RECURSION = YES;
				CLANG_WARN_INT_CONVERSION = YES;
				CLANG_WARN_NON_LITERAL_NULL_CONVERSION = YES;
				CLANG_WARN_OBJC_IMPLICIT_RETAIN_SELF = YES;
				CLANG_WARN_OBJC_LITERAL_CONVERSION = YES;
				CLANG_WARN_OBJC_ROOT_CLASS = YES_ERROR;
				CLANG_WARN_QUOTED_INCLUDE_IN_FRAMEWORK_HEADER = YES;
				CLANG_WARN_RANGE_LOOP_ANALYSIS = YES;
				CLANG_WARN_STRICT_PROTOTYPES = YES;
				CLANG_WARN_SUSPICIOUS_MOVE = YES;
				CLANG_WARN_UNGUARDED_AVAILABILITY = YES_AGGRESSIVE;
				CLANG_WARN_UNREACHABLE_CODE = YES;
				CLANG_WARN__DUPLICATE_METHOD_MATCH = YES;
				COPY_PHASE_STRIP = NO;
				DEBUG_INFORMATION_FORMAT = "dwarf-with-dsym";
				ENABLE_NS_ASSERTIONS = NO;
				ENABLE_STRICT_OBJC_MSGSEND = YES;
				GCC_C_LANGUAGE_STANDARD = gnu11;
				GCC_NO_COMMON_BLOCKS = YES;
				GCC_WARN_64_TO_32_BIT_CONVERSION = YES;
				GCC_WARN_ABOUT_RETURN_TYPE = YES_ERROR;
				GCC_WARN_UNDECLARED_SELECTOR = YES;
				GCC_WARN_UNINITIALIZED_AUTOS = YES_AGGRESSIVE;
				GCC_WARN_UNUSED_FUNCTION = YES;
				GCC_WARN_UNUSED_VARIABLE = YES;
				IPHONEOS_DEPLOYMENT_TARGET = 17.0;
				MTL_ENABLE_DEBUG_INFO = NO;
				MTL_FAST_MATH = YES;
				SDKROOT = iphoneos;
				SWIFT_COMPILATION_MODE = wholemodule;
				SWIFT_OPTIMIZATION_LEVEL = "-O";
				SWIFT_VERSION = 5.0;
				VALIDATE_PRODUCT = YES;
			};
			name = Release;
		};
		9F4CADF426091456006BCF52 /* Debug */ = {
			isa = XCBuildConfiguration;
			buildSettings = {
				ASSETCATALOG_COMPILER_APPICON_NAME = AppIcon;
				ASSETCATALOG_COMPILER_GLOBAL_ACCENT_COLOR_NAME = AccentColor;
					CODE_SIGN_STYLE = Automatic;
					DEVELOPMENT_TEAM = JW5QDUDC7K;
					INFOPLIST_FILE = EvalImmo/Info.plist;
					IPHONEOS_DEPLOYMENT_TARGET = 17.0;
					LD_RUNPATH_SEARCH_PATHS = (
					"$(inherited)",
					"@executable_path/Frameworks",
				);
				PRODUCT_BUNDLE_IDENTIFIER = sliceofdigital.EvalImmo;
				PRODUCT_NAME = "$(TARGET_NAME)";
				SWIFT_VERSION = 5.0;
				TARGETED_DEVICE_FAMILY = "1,2";
			};
			name = Debug;
		};
		9F4CADF526091456006BCF52 /* Release */ = {
			isa = XCBuildConfiguration;
			buildSettings = {
				ASSETCATALOG_COMPILER_APPICON_NAME = AppIcon;
				ASSETCATALOG_COMPILER_GLOBAL_ACCENT_COLOR_NAME = AccentColor;
					CODE_SIGN_STYLE = Automatic;
					DEVELOPMENT_TEAM = JW5QDUDC7K;
					INFOPLIST_FILE = EvalImmo/Info.plist;
					IPHONEOS_DEPLOYMENT_TARGET = 17.0;
					LD_RUNPATH_SEARCH_PATHS = (
					"$(inherited)",
					"@executable_path/Frameworks",
				);
				PRODUCT_BUNDLE_IDENTIFIER = sliceofdigital.EvalImmo;
				PRODUCT_NAME = "$(TARGET_NAME)";
				SWIFT_VERSION = 5.0;
				TARGETED_DEVICE_FAMILY = "1,2";
			};
			name = Release;
		};
		9F4CADF726091456006BCF52 /* Debug */ = {
			isa = XCBuildConfiguration;
			buildSettings = {
				ALWAYS_EMBED_SWIFT_STANDARD_LIBRARIES = YES;
				BUNDLE_LOADER = "$(TEST_HOST)";
				CODE_SIGN_STYLE = Automatic;
				DEVELOPMENT_TEAM = JW5QDUDC7K;
				INFOPLIST_FILE = EvalImmoTests/Info.plist;
				IPHONEOS_DEPLOYMENT_TARGET = 17.0;
				LD_RUNPATH_SEARCH_PATHS = (
					"$(inherited)",
					"@executable_path/Frameworks",
					"@loader_path/Frameworks",
				);
				PRODUCT_BUNDLE_IDENTIFIER = sliceofdigital.EvalImmoTests;
				PRODUCT_NAME = "$(TARGET_NAME)";
				SWIFT_VERSION = 5.0;
				TARGETED_DEVICE_FAMILY = "1,2";
				TEST_HOST = "$(BUILT_PRODUCTS_DIR)/EvalImmo.app/EvalImmo";
			};
			name = Debug;
		};
		9F4CADF826091456006BCF52 /* Release */ = {
			isa = XCBuildConfiguration;
			buildSettings = {
				ALWAYS_EMBED_SWIFT_STANDARD_LIBRARIES = YES;
				BUNDLE_LOADER = "$(TEST_HOST)";
				CODE_SIGN_STYLE = Automatic;
				DEVELOPMENT_TEAM = JW5QDUDC7K;
				INFOPLIST_FILE = EvalImmoTests/Info.plist;
				IPHONEOS_DEPLOYMENT_TARGET = 17.0;
				LD_RUNPATH_SEARCH_PATHS = (
					"$(inherited)",
					"@executable_path/Frameworks",
					"@loader_path/Frameworks",
				);
				PRODUCT_BUNDLE_IDENTIFIER = sliceofdigital.EvalImmoTests;
				PRODUCT_NAME = "$(TARGET_NAME)";
				SWIFT_VERSION = 5.0;
				TARGETED_DEVICE_FAMILY = "1,2";
				TEST_HOST = "$(BUILT_PRODUCTS_DIR)/EvalImmo.app/EvalImmo";
			};
			name = Release;
		};
		9F4CADFA26091456006BCF52 /* Debug */ = {
			isa = XCBuildConfiguration;
			buildSettings = {
				ALWAYS_EMBED_SWIFT_STANDARD_LIBRARIES = YES;
				CODE_SIGN_STYLE = Automatic;
				DEVELOPMENT_TEAM = JW5QDUDC7K;
				INFOPLIST_FILE = EvalImmoUITests/Info.plist;
				LD_RUNPATH_SEARCH_PATHS = (
					"$(inherited)",
					"@executable_path/Frameworks",
					"@loader_path/Frameworks",
				);
				PRODUCT_BUNDLE_IDENTIFIER = sliceofdigital.EvalImmoUITests;
				PRODUCT_NAME = "$(TARGET_NAME)";
				SWIFT_VERSION = 5.0;
				TARGETED_DEVICE_FAMILY = "1,2";
				TEST_TARGET_NAME = EvalImmo;
			};
			name = Debug;
		};
		9F4CADFB26091456006BCF52 /* Release */ = {
			isa = XCBuildConfiguration;
			buildSettings = {
				ALWAYS_EMBED_SWIFT_STANDARD_LIBRARIES = YES;
				CODE_SIGN_STYLE = Automatic;
				DEVELOPMENT_TEAM = JW5QDUDC7K;
				INFOPLIST_FILE = EvalImmoUITests/Info.plist;
				LD_RUNPATH_SEARCH_PATHS = (
					"$(inherited)",
					"@executable_path/Frameworks",
					"@loader_path/Frameworks",
				);
				PRODUCT_BUNDLE_IDENTIFIER = sliceofdigital.EvalImmoUITests;
				PRODUCT_NAME = "$(TARGET_NAME)";
				SWIFT_VERSION = 5.0;
				TARGETED_DEVICE_FAMILY = "1,2";
				TEST_TARGET_NAME = EvalImmo;
			};
			name = Release;
		};
/* End XCBuildConfiguration section */

/* Begin XCConfigurationList section */
		9F4CADC426091454006BCF52 /* Build configuration list for PBXProject "EvalImmo" */ = {
			isa = XCConfigurationList;
			buildConfigurations = (
				9F4CADF126091456006BCF52 /* Debug */,
				9F4CADF226091456006BCF52 /* Release */,
			);
			defaultConfigurationIsVisible = 0;
			defaultConfigurationName = Release;
		};
		9F4CADF326091456006BCF52 /* Build configuration list for PBXNativeTarget "EvalImmo" */ = {
			isa = XCConfigurationList;
			buildConfigurations = (
				9F4CADF426091456006BCF52 /* Debug */,
				9F4CADF526091456006BCF52 /* Release */,
			);
			defaultConfigurationIsVisible = 0;
			defaultConfigurationName = Release;
		};
		9F4CADF626091456006BCF52 /* Build configuration list for PBXNativeTarget "EvalImmoTests" */ = {
			isa = XCConfigurationList;
			buildConfigurations = (
				9F4CADF726091456006BCF52 /* Debug */,
				9F4CADF826091456006BCF52 /* Release */,
			);
			defaultConfigurationIsVisible = 0;
			defaultConfigurationName = Release;
		};
		9F4CADF926091456006BCF52 /* Build configuration list for PBXNativeTarget "EvalImmoUITests" */ = {
			isa = XCConfigurationList;
			buildConfigurations = (
				9F4CADFA26091456006BCF52 /* Debug */,
				9F4CADFB26091456006BCF52 /* Release */,
			);
			defaultConfigurationIsVisible = 0;
			defaultConfigurationName = Release;
		};
/* End XCConfigurationList section */

	};
	rootObject = 9F4CADC126091454006BCF52 /* Project object */;
}
